<?xml version="1.0" encoding="UTF-8"?>
<Scheme
   version = "1.3">
   <BuildAction>
      <BuildActionEntries>
         <BuildActionEntry
            buildForRunning = "YES">
            <BuildableReference
               BuildableIdentifier = "primary"
               BlueprintIdentifier = "836FD0BD2685118F008F0835"
               BuildableName = "Z28"
               BlueprintName = "Z28"
               ReferencedContainer = "container:Z28.xcodeproj">
            </BuildableReference>
         </BuildActionEntry>
      </BuildActionEntries>
   </BuildAction>
   <LaunchAction
      useCustomWorkingDirectory = "YES"
      customWorkingDirectory = "/Users/grhodes/Projects/2020/SwiftProjects/Rubicon"
      buildConfiguration = "Debug"
      allowLocationSimulation = "YES">
      <BuildableProductRunnable>
         <BuildableReference
            BuildableIdentifier = "primary"
            BlueprintIdentifier = "836FD0BD2685118F008F0835"
            BuildableName = "Z28"
            BlueprintName = "Z28"
            ReferencedContainer = "container:Z28.xcodeproj">
         </BuildableReference>
      </BuildableProductRunnable>
      <CommandLineArguments>
         <CommandLineArgument
            argument = "--jobs"
            isEnabled = "YES">
         </CommandLineArgument>
         <CommandLineArgument
            argument = "3"
            isEnabled = "YES">
         </CommandLineArgument>
         <CommandLineArgument
            argument = "--xcode"
            isEnabled = "YES">
         </CommandLineArgument>
         <CommandLineArgument
            argument = "--project-path"
            isEnabled = "YES">
         </CommandLineArgument>
         <CommandLineArgument
            argument = "/Users/grhodes/Projects/2020/SwiftProjects/Rubicon"
            isEnabled = "YES">
         </CommandLineArgument>
         <CommandLineArgument
            argument = "--temp-dir"
            isEnabled = "YES">
         </CommandLineArgument>
         <CommandLineArgument
            argument = "Resources"
            isEnabled = "YES">
         </CommandLineArgument>
         <CommandLineArgument
            argument = "--"
            isEnabled = "YES">
         </CommandLineArgument>
         <CommandLineArgument
            argument = "-scheme"
            isEnabled = "YES">
         </CommandLineArgument>
         <CommandLineArgument
            argument = "Rubicon"
            isEnabled = "YES">
         </CommandLineArgument>
      </CommandLineArguments>
      <LocationScenarioReference
         identifier = "com.apple.dt.IDEFoundation.CurrentLocationScenarioIdentifier"
         referenceType = "1">
      </LocationScenarioReference>
   </LaunchAction>
</Scheme>
