<?xml version="1.0" encoding="UTF-8"?>
<Scheme
   version = "1.7">
   <BuildAction
      parallelizeBuildables = "YES"
      buildImplicitDependencies = "YES">
      <BuildActionEntries>
         <BuildActionEntry
            buildForTesting = "YES"
            buildForRunning = "YES"
            buildForProfiling = "YES"
            buildForArchiving = "YES"
            buildForAnalyzing = "YES">
            <BuildableReference
               BuildableIdentifier = "primary"
               BlueprintIdentifier = "836FD0BD2685118F008F0835"
               BuildableName = "Z28"
               BlueprintName = "Z28"
               ReferencedContainer = "container:Z28.xcodeproj">
            </BuildableReference>
         </BuildActionEntry>
      </BuildActionEntries>
   </BuildAction>
   <TestAction
      buildConfiguration = "Debug"
      selectedDebuggerIdentifier = "Xcode.DebuggerFoundation.Debugger.LLDB"
      selectedLauncherIdentifier = "Xcode.DebuggerFoundation.Launcher.LLDB"
      shouldUseLaunchSchemeArgsEnv = "YES">
      <Testables>
      </Testables>
   </TestAction>
   <LaunchAction
      buildConfiguration = "Debug"
      selectedDebuggerIdentifier = "Xcode.DebuggerFoundation.Debugger.LLDB"
      selectedLauncherIdentifier = "Xcode.DebuggerFoundation.Launcher.LLDB"
      launchStyle = "0"
      useCustomWorkingDirectory = "YES"
      customWorkingDirectory = "$(SRCROOT)"
      ignoresPersistentStateOnLaunch = "NO"
      debugDocumentVersioning = "YES"
      debugServiceExtension = "internal"
      allowLocationSimulation = "YES">
      <BuildableProductRunnable
         runnableDebuggingMode = "0">
         <BuildableReference
            BuildableIdentifier = "primary"
            BlueprintIdentifier = "836FD0BD2685118F008F0835"
            BuildableName = "Z28"
            BlueprintName = "Z28"
            ReferencedContainer = "container:Z28.xcodeproj">
         </BuildableReference>
      </BuildableProductRunnable>
      <CommandLineArguments>
         <CommandLineArgument
            argument = "--jobs"
            isEnabled = "YES">
         </CommandLineArgument>
         <CommandLineArgument
            argument = "4"
            isEnabled = "YES">
         </CommandLineArgument>
         <CommandLineArgument
            argument = "--xcode"
            isEnabled = "YES">
         </CommandLineArgument>
         <CommandLineArgument
            argument = "--project-path"
            isEnabled = "YES">
         </CommandLineArgument>
         <CommandLineArgument
            argument = "/Users/grhodes/Projects/2020/SwiftProjects/Rubicon"
            isEnabled = "YES">
         </CommandLineArgument>
         <CommandLineArgument
            argument = "--temp-dir"
            isEnabled = "YES">
         </CommandLineArgument>
         <CommandLineArgument
            argument = "$(SRCROOT)/Resources"
            isEnabled = "YES">
         </CommandLineArgument>
         <CommandLineArgument
            argument = "--"
            isEnabled = "YES">
         </CommandLineArgument>
         <CommandLineArgument
            argument = "-scheme"
            isEnabled = "YES">
         </CommandLineArgument>
         <CommandLineArgument
            argument = "Rubicon"
            isEnabled = "YES">
         </CommandLineArgument>
      </CommandLineArguments>
      <LocationScenarioReference
         identifier = "com.apple.dt.IDEFoundation.CurrentLocationScenarioIdentifier"
         referenceType = "1">
      </LocationScenarioReference>
   </LaunchAction>
   <ProfileAction
      buildConfiguration = "Release"
      shouldUseLaunchSchemeArgsEnv = "YES"
      savedToolIdentifier = ""
      useCustomWorkingDirectory = "NO"
      debugDocumentVersioning = "YES">
   </ProfileAction>
   <AnalyzeAction
      buildConfiguration = "Debug">
   </AnalyzeAction>
   <ArchiveAction
      buildConfiguration = "Release"
      revealArchiveInOrganizer = "YES">
   </ArchiveAction>
</Scheme>
