// !$*UTF8*$!
{
	archiveVersion = 1;
	classes = {
	};
	objectVersion = 52;
	objects = {

/* Begin PBXBuildFile section */
		1117D1A5BF9EE7E787F10A71 /* Tools.swift in Sources */ = {isa = PBXBuildFile; fileRef = 1117D7FC86AB81798F0786CF /* Tools.swift */; };
		1117D22B426CDD7508708698 /* LinesColumnsAndOffsets.swift in Sources */ = {isa = PBXBuildFile; fileRef = 1117DF330F404256EE898CE9 /* LinesColumnsAndOffsets.swift */; };
		1117D8A99B8FB59147FC7301 /* FileList.swift in Sources */ = {isa = PBXBuildFile; fileRef = 1117D8AF1EE32891F2F18FB0 /* FileList.swift */; };
		836FD0C22685118F008F0835 /* main.swift in Sources */ = {isa = PBXBuildFile; fileRef = 836FD0C12685118F008F0835 /* main.swift */; };
		836FD0CA268511FD008F0835 /* SourceKittenFramework in Frameworks */ = {isa = PBXBuildFile; productRef = 836FD0C9268511FD008F0835 /* SourceKittenFramework */; };
		836FD0CE26851371008F0835 /* Rubicon in Frameworks */ = {isa = PBXBuildFile; productRef = 836FD0CD26851371008F0835 /* Rubicon */; };
		836FD0D626851394008F0835 /* main.swift in Sources */ = {isa = PBXBuildFile; fileRef = 836FD0D526851394008F0835 /* main.swift */; };
		836FD0DC268513C6008F0835 /* PGDocFixer in Frameworks */ = {isa = PBXBuildFile; productRef = 836FD0DB268513C6008F0835 /* PGDocFixer */; };
/* End PBXBuildFile section */

/* Begin PBXCopyFilesBuildPhase section */
		836FD0BC2685118F008F0835 /* CopyFiles */ = {
			isa = PBXCopyFilesBuildPhase;
			buildActionMask = 2147483647;
			dstPath = /usr/share/man/man1/;
			dstSubfolderSpec = 0;
			files = (
			);
			runOnlyForDeploymentPostprocessing = 1;
		};
		836FD0D126851394008F0835 /* CopyFiles */ = {
			isa = PBXCopyFilesBuildPhase;
			buildActionMask = 2147483647;
			dstPath = /usr/share/man/man1/;
			dstSubfolderSpec = 0;
			files = (
			);
			runOnlyForDeploymentPostprocessing = 1;
		};
/* End PBXCopyFilesBuildPhase section */

/* Begin PBXFileReference section */
		1117D7FC86AB81798F0786CF /* Tools.swift */ = {isa = PBXFileReference; fileEncoding = 4; lastKnownFileType = sourcecode.swift; path = Tools.swift; sourceTree = "<group>"; };
		1117D8AF1EE32891F2F18FB0 /* FileList.swift */ = {isa = PBXFileReference; fileEncoding = 4; lastKnownFileType = sourcecode.swift; path = FileList.swift; sourceTree = "<group>"; };
		1117DF330F404256EE898CE9 /* LinesColumnsAndOffsets.swift */ = {isa = PBXFileReference; fileEncoding = 4; lastKnownFileType = sourcecode.swift; path = LinesColumnsAndOffsets.swift; sourceTree = "<group>"; };
		836FD0BE2685118F008F0835 /* Z28 */ = {isa = PBXFileReference; explicitFileType = "compiled.mach-o.executable"; includeInIndex = 0; path = Z28; sourceTree = BUILT_PRODUCTS_DIR; };
		836FD0C12685118F008F0835 /* main.swift */ = {isa = PBXFileReference; lastKnownFileType = sourcecode.swift; path = main.swift; sourceTree = "<group>"; };
		836FD0D326851394008F0835 /* DocFixer */ = {isa = PBXFileReference; explicitFileType = "compiled.mach-o.executable"; includeInIndex = 0; path = DocFixer; sourceTree = BUILT_PRODUCTS_DIR; };
		836FD0D526851394008F0835 /* main.swift */ = {isa = PBXFileReference; lastKnownFileType = sourcecode.swift; path = main.swift; sourceTree = "<group>"; };
		836FD0E026851477008F0835 /* README.md */ = {isa = PBXFileReference; lastKnownFileType = net.daringfireball.markdown; path = README.md; sourceTree = "<group>"; };
		836FD0E126851477008F0835 /* Package.swift */ = {isa = PBXFileReference; lastKnownFileType = sourcecode.swift; path = Package.swift; sourceTree = "<group>"; };
		836FD0E226851477008F0835 /* LICENSE */ = {isa = PBXFileReference; lastKnownFileType = text; path = LICENSE; sourceTree = "<group>"; };
		836FD0E326851641008F0835 /* .gitignore */ = {isa = PBXFileReference; lastKnownFileType = text; path = .gitignore; sourceTree = "<group>"; };
		836FD0E426851641008F0835 /* .jazzy.yaml */ = {isa = PBXFileReference; lastKnownFileType = text.yaml; path = .jazzy.yaml; sourceTree = "<group>"; };
/* End PBXFileReference section */

/* Begin PBXFrameworksBuildPhase section */
		836FD0BB2685118F008F0835 /* Frameworks */ = {
			isa = PBXFrameworksBuildPhase;
			buildActionMask = 2147483647;
			files = (
				836FD0CA268511FD008F0835 /* SourceKittenFramework in Frameworks */,
				836FD0CE26851371008F0835 /* Rubicon in Frameworks */,
			);
			runOnlyForDeploymentPostprocessing = 0;
		};
		836FD0D026851394008F0835 /* Frameworks */ = {
			isa = PBXFrameworksBuildPhase;
			buildActionMask = 2147483647;
			files = (
				836FD0DC268513C6008F0835 /* PGDocFixer in Frameworks */,
			);
			runOnlyForDeploymentPostprocessing = 0;
		};
/* End PBXFrameworksBuildPhase section */

/* Begin PBXGroup section */
		836FD0B52685118F008F0835 = {
			isa = PBXGroup;
			children = (
				836FD0E326851641008F0835 /* .gitignore */,
				836FD0E426851641008F0835 /* .jazzy.yaml */,
				836FD0E226851477008F0835 /* LICENSE */,
				836FD0E126851477008F0835 /* Package.swift */,
				836FD0E026851477008F0835 /* README.md */,
				836FD0DE26851414008F0835 /* Tests */,
				836FD0DD26851404008F0835 /* Resources */,
				836FD0CB26851247008F0835 /* Sources */,
				836FD0BF2685118F008F0835 /* Products */,
			);
			sourceTree = "<group>";
		};
		836FD0BF2685118F008F0835 /* Products */ = {
			isa = PBXGroup;
			children = (
				836FD0BE2685118F008F0835 /* Z28 */,
				836FD0D326851394008F0835 /* DocFixer */,
			);
			name = Products;
			sourceTree = "<group>";
		};
		836FD0C02685118F008F0835 /* Z28 */ = {
			isa = PBXGroup;
			children = (
				836FD0C12685118F008F0835 /* main.swift */,
				1117D8AF1EE32891F2F18FB0 /* FileList.swift */,
				1117DF330F404256EE898CE9 /* LinesColumnsAndOffsets.swift */,
				1117D7FC86AB81798F0786CF /* Tools.swift */,
			);
			path = Z28;
			sourceTree = "<group>";
		};
		836FD0CB26851247008F0835 /* Sources */ = {
			isa = PBXGroup;
			children = (
				836FD0D426851394008F0835 /* DocFixer */,
				836FD0C02685118F008F0835 /* Z28 */,
			);
			path = Sources;
			sourceTree = "<group>";
		};
		836FD0D426851394008F0835 /* DocFixer */ = {
			isa = PBXGroup;
			children = (
				836FD0D526851394008F0835 /* main.swift */,
			);
			path = DocFixer;
			sourceTree = "<group>";
		};
		836FD0DD26851404008F0835 /* Resources */ = {
			isa = PBXGroup;
			children = (
			);
			path = Resources;
			sourceTree = "<group>";
		};
		836FD0DE26851414008F0835 /* Tests */ = {
			isa = PBXGroup;
			children = (
			);
			path = Tests;
			sourceTree = "<group>";
		};
/* End PBXGroup section */

/* Begin PBXNativeTarget section */
		836FD0BD2685118F008F0835 /* Z28 */ = {
			isa = PBXNativeTarget;
			buildConfigurationList = 836FD0C52685118F008F0835 /* Build configuration list for PBXNativeTarget "Z28" */;
			buildPhases = (
				836FD0BA2685118F008F0835 /* Sources */,
				836FD0BB2685118F008F0835 /* Frameworks */,
				836FD0BC2685118F008F0835 /* CopyFiles */,
			);
			buildRules = (
			);
			dependencies = (
			);
			name = Z28;
			packageProductDependencies = (
				836FD0C9268511FD008F0835 /* SourceKittenFramework */,
				836FD0CD26851371008F0835 /* Rubicon */,
			);
			productName = Z28;
			productReference = 836FD0BE2685118F008F0835 /* Z28 */;
			productType = "com.apple.product-type.tool";
		};
		836FD0D226851394008F0835 /* DocFixer */ = {
			isa = PBXNativeTarget;
			buildConfigurationList = 836FD0D726851394008F0835 /* Build configuration list for PBXNativeTarget "DocFixer" */;
			buildPhases = (
				836FD0CF26851394008F0835 /* Sources */,
				836FD0D026851394008F0835 /* Frameworks */,
				836FD0D126851394008F0835 /* CopyFiles */,
			);
			buildRules = (
			);
			dependencies = (
			);
			name = DocFixer;
			packageProductDependencies = (
				836FD0DB268513C6008F0835 /* PGDocFixer */,
			);
			productName = DocFixer;
			productReference = 836FD0D326851394008F0835 /* DocFixer */;
			productType = "com.apple.product-type.tool";
		};
/* End PBXNativeTarget section */

/* Begin PBXProject section */
		836FD0B62685118F008F0835 /* Project object */ = {
			isa = PBXProject;
			attributes = {
				LastSwiftUpdateCheck = 1250;
				LastUpgradeCheck = 1250;
				TargetAttributes = {
					836FD0BD2685118F008F0835 = {
						CreatedOnToolsVersion = 12.5.1;
					};
					836FD0D226851394008F0835 = {
						CreatedOnToolsVersion = 12.5.1;
					};
				};
			};
			buildConfigurationList = 836FD0B92685118F008F0835 /* Build configuration list for PBXProject "Z28" */;
			compatibilityVersion = "Xcode 9.3";
			developmentRegion = en;
			hasScannedForEncodings = 0;
			knownRegions = (
				en,
				Base,
			);
			mainGroup = 836FD0B52685118F008F0835;
			packageReferences = (
				836FD0C8268511FD008F0835 /* XCRemoteSwiftPackageReference "SourceKitten" */,
				836FD0CC26851371008F0835 /* XCRemoteSwiftPackageReference "Rubicon" */,
				836FD0DA268513C6008F0835 /* XCRemoteSwiftPackageReference "PGDocFixer" */,
			);
			productRefGroup = 836FD0BF2685118F008F0835 /* Products */;
			projectDirPath = "";
			projectRoot = "";
			targets = (
				836FD0BD2685118F008F0835 /* Z28 */,
				836FD0D226851394008F0835 /* DocFixer */,
			);
		};
/* End PBXProject section */

/* Begin PBXSourcesBuildPhase section */
		836FD0BA2685118F008F0835 /* Sources */ = {
			isa = PBXSourcesBuildPhase;
			buildActionMask = 2147483647;
			files = (
				836FD0C22685118F008F0835 /* main.swift in Sources */,
				1117D8A99B8FB59147FC7301 /* FileList.swift in Sources */,
				1117D22B426CDD7508708698 /* LinesColumnsAndOffsets.swift in Sources */,
				1117D1A5BF9EE7E787F10A71 /* Tools.swift in Sources */,
			);
			runOnlyForDeploymentPostprocessing = 0;
		};
		836FD0CF26851394008F0835 /* Sources */ = {
			isa = PBXSourcesBuildPhase;
			buildActionMask = 2147483647;
			files = (
				836FD0D626851394008F0835 /* main.swift in Sources */,
			);
			runOnlyForDeploymentPostprocessing = 0;
		};
/* End PBXSourcesBuildPhase section */

/* Begin XCBuildConfiguration section */
		836FD0C32685118F008F0835 /* Debug */ = {
			isa = XCBuildConfiguration;
			buildSettings = {
				ALWAYS_SEARCH_USER_PATHS = NO;
				CLANG_ANALYZER_NONNULL = YES;
				CLANG_ANALYZER_NUMBER_OBJECT_CONVERSION = YES_AGGRESSIVE;
				CLANG_CXX_LANGUAGE_STANDARD = "gnu++14";
				CLANG_CXX_LIBRARY = "libc++";
				CLANG_ENABLE_MODULES = YES;
				CLANG_ENABLE_OBJC_ARC = YES;
				CLANG_ENABLE_OBJC_WEAK = YES;
				CLANG_WARN_BLOCK_CAPTURE_AUTORELEASING = YES;
				CLANG_WARN_BOOL_CONVERSION = YES;
				CLANG_WARN_COMMA = YES;
				CLANG_WARN_CONSTANT_CONVERSION = YES;
				CLANG_WARN_DEPRECATED_OBJC_IMPLEMENTATIONS = YES;
				CLANG_WARN_DIRECT_OBJC_ISA_USAGE = YES_ERROR;
				CLANG_WARN_DOCUMENTATION_COMMENTS = YES;
				CLANG_WARN_EMPTY_BODY = YES;
				CLANG_WARN_ENUM_CONVERSION = YES;
				CLANG_WARN_INFINITE_RECURSION = YES;
				CLANG_WARN_INT_CONVERSION = YES;
				CLANG_WARN_NON_LITERAL_NULL_CONVERSION = YES;
				CLANG_WARN_OBJC_IMPLICIT_RETAIN_SELF = YES;
				CLANG_WARN_OBJC_LITERAL_CONVERSION = YES;
				CLANG_WARN_OBJC_ROOT_CLASS = YES_ERROR;
				CLANG_WARN_QUOTED_INCLUDE_IN_FRAMEWORK_HEADER = YES;
				CLANG_WARN_RANGE_LOOP_ANALYSIS = YES;
				CLANG_WARN_STRICT_PROTOTYPES = YES;
				CLANG_WARN_SUSPICIOUS_MOVE = YES;
				CLANG_WARN_UNGUARDED_AVAILABILITY = YES_AGGRESSIVE;
				CLANG_WARN_UNREACHABLE_CODE = YES;
				CLANG_WARN__DUPLICATE_METHOD_MATCH = YES;
				COPY_PHASE_STRIP = NO;
				DEBUG_INFORMATION_FORMAT = dwarf;
				ENABLE_STRICT_OBJC_MSGSEND = YES;
				ENABLE_TESTABILITY = YES;
				GCC_C_LANGUAGE_STANDARD = gnu11;
				GCC_DYNAMIC_NO_PIC = NO;
				GCC_NO_COMMON_BLOCKS = YES;
				GCC_OPTIMIZATION_LEVEL = 0;
				GCC_PREPROCESSOR_DEFINITIONS = (
					"DEBUG=1",
					"$(inherited)",
				);
				GCC_WARN_64_TO_32_BIT_CONVERSION = YES;
				GCC_WARN_ABOUT_RETURN_TYPE = YES_ERROR;
				GCC_WARN_UNDECLARED_SELECTOR = YES;
				GCC_WARN_UNINITIALIZED_AUTOS = YES_AGGRESSIVE;
				GCC_WARN_UNUSED_FUNCTION = YES;
				GCC_WARN_UNUSED_VARIABLE = YES;
				MACOSX_DEPLOYMENT_TARGET = 11.3;
				MTL_ENABLE_DEBUG_INFO = INCLUDE_SOURCE;
				MTL_FAST_MATH = YES;
				ONLY_ACTIVE_ARCH = YES;
				SDKROOT = macosx;
				SWIFT_ACTIVE_COMPILATION_CONDITIONS = DEBUG;
				SWIFT_OPTIMIZATION_LEVEL = "-Onone";
			};
			name = Debug;
		};
		836FD0C42685118F008F0835 /* Release */ = {
			isa = XCBuildConfiguration;
			buildSettings = {
				ALWAYS_SEARCH_USER_PATHS = NO;
				CLANG_ANALYZER_NONNULL = YES;
				CLANG_ANALYZER_NUMBER_OBJECT_CONVERSION = YES_AGGRESSIVE;
				CLANG_CXX_LANGUAGE_STANDARD = "gnu++14";
				CLANG_CXX_LIBRARY = "libc++";
				CLANG_ENABLE_MODULES = YES;
				CLANG_ENABLE_OBJC_ARC = YES;
				CLANG_ENABLE_OBJC_WEAK = YES;
				CLANG_WARN_BLOCK_CAPTURE_AUTORELEASING = YES;
				CLANG_WARN_BOOL_CONVERSION = YES;
				CLANG_WARN_COMMA = YES;
				CLANG_WARN_CONSTANT_CONVERSION = YES;
				CLANG_WARN_DEPRECATED_OBJC_IMPLEMENTATIONS = YES;
				CLANG_WARN_DIRECT_OBJC_ISA_USAGE = YES_ERROR;
				CLANG_WARN_DOCUMENTATION_COMMENTS = YES;
				CLANG_WARN_EMPTY_BODY = YES;
				CLANG_WARN_ENUM_CONVERSION = YES;
				CLANG_WARN_INFINITE_RECURSION = YES;
				CLANG_WARN_INT_CONVERSION = YES;
				CLANG_WARN_NON_LITERAL_NULL_CONVERSION = YES;
				CLANG_WARN_OBJC_IMPLICIT_RETAIN_SELF = YES;
				CLANG_WARN_OBJC_LITERAL_CONVERSION = YES;
				CLANG_WARN_OBJC_ROOT_CLASS = YES_ERROR;
				CLANG_WARN_QUOTED_INCLUDE_IN_FRAMEWORK_HEADER = YES;
				CLANG_WARN_RANGE_LOOP_ANALYSIS = YES;
				CLANG_WARN_STRICT_PROTOTYPES = YES;
				CLANG_WARN_SUSPICIOUS_MOVE = YES;
				CLANG_WARN_UNGUARDED_AVAILABILITY = YES_AGGRESSIVE;
				CLANG_WARN_UNREACHABLE_CODE = YES;
				CLANG_WARN__DUPLICATE_METHOD_MATCH = YES;
				COPY_PHASE_STRIP = NO;
				DEBUG_INFORMATION_FORMAT = "dwarf-with-dsym";
				ENABLE_NS_ASSERTIONS = NO;
				ENABLE_STRICT_OBJC_MSGSEND = YES;
				GCC_C_LANGUAGE_STANDARD = gnu11;
				GCC_NO_COMMON_BLOCKS = YES;
				GCC_WARN_64_TO_32_BIT_CONVERSION = YES;
				GCC_WARN_ABOUT_RETURN_TYPE = YES_ERROR;
				GCC_WARN_UNDECLARED_SELECTOR = YES;
				GCC_WARN_UNINITIALIZED_AUTOS = YES_AGGRESSIVE;
				GCC_WARN_UNUSED_FUNCTION = YES;
				GCC_WARN_UNUSED_VARIABLE = YES;
				MACOSX_DEPLOYMENT_TARGET = 11.3;
				MTL_ENABLE_DEBUG_INFO = NO;
				MTL_FAST_MATH = YES;
				SDKROOT = macosx;
				SWIFT_COMPILATION_MODE = wholemodule;
				SWIFT_OPTIMIZATION_LEVEL = "-O";
			};
			name = Release;
		};
		836FD0C62685118F008F0835 /* Debug */ = {
			isa = XCBuildConfiguration;
			buildSettings = {
				CODE_SIGN_STYLE = Automatic;
				DEVELOPMENT_TEAM = Q5XWZ7S7E9;
				ENABLE_HARDENED_RUNTIME = YES;
				PRODUCT_NAME = "$(TARGET_NAME)";
				SWIFT_VERSION = 5.0;
			};
			name = Debug;
		};
		836FD0C72685118F008F0835 /* Release */ = {
			isa = XCBuildConfiguration;
			buildSettings = {
				CODE_SIGN_STYLE = Automatic;
				DEVELOPMENT_TEAM = Q5XWZ7S7E9;
				ENABLE_HARDENED_RUNTIME = YES;
				PRODUCT_NAME = "$(TARGET_NAME)";
				SWIFT_VERSION = 5.0;
			};
			name = Release;
		};
		836FD0D826851394008F0835 /* Debug */ = {
			isa = XCBuildConfiguration;
			buildSettings = {
				CODE_SIGN_STYLE = Automatic;
				DEVELOPMENT_TEAM = Q5XWZ7S7E9;
				ENABLE_HARDENED_RUNTIME = YES;
				PRODUCT_NAME = "$(TARGET_NAME)";
				SWIFT_VERSION = 5.0;
			};
			name = Debug;
		};
		836FD0D926851394008F0835 /* Release */ = {
			isa = XCBuildConfiguration;
			buildSettings = {
				CODE_SIGN_STYLE = Automatic;
				DEVELOPMENT_TEAM = Q5XWZ7S7E9;
				ENABLE_HARDENED_RUNTIME = YES;
				PRODUCT_NAME = "$(TARGET_NAME)";
				SWIFT_VERSION = 5.0;
			};
			name = Release;
		};
/* End XCBuildConfiguration section */

/* Begin XCConfigurationList section */
		836FD0B92685118F008F0835 /* Build configuration list for PBXProject "Z28" */ = {
			isa = XCConfigurationList;
			buildConfigurations = (
				836FD0C32685118F008F0835 /* Debug */,
				836FD0C42685118F008F0835 /* Release */,
			);
			defaultConfigurationIsVisible = 0;
			defaultConfigurationName = Release;
		};
		836FD0C52685118F008F0835 /* Build configuration list for PBXNativeTarget "Z28" */ = {
			isa = XCConfigurationList;
			buildConfigurations = (
				836FD0C62685118F008F0835 /* Debug */,
				836FD0C72685118F008F0835 /* Release */,
			);
			defaultConfigurationIsVisible = 0;
			defaultConfigurationName = Release;
		};
		836FD0D726851394008F0835 /* Build configuration list for PBXNativeTarget "DocFixer" */ = {
			isa = XCConfigurationList;
			buildConfigurations = (
				836FD0D826851394008F0835 /* Debug */,
				836FD0D926851394008F0835 /* Release */,
			);
			defaultConfigurationIsVisible = 0;
			defaultConfigurationName = Release;
		};
/* End XCConfigurationList section */

/* Begin XCRemoteSwiftPackageReference section */
		836FD0C8268511FD008F0835 /* XCRemoteSwiftPackageReference "SourceKitten" */ = {
			isa = XCRemoteSwiftPackageReference;
			repositoryURL = "https://github.com/jpsim/SourceKitten";
			requirement = {
				kind = upToNextMinorVersion;
				minimumVersion = 0.31.0;
			};
		};
		836FD0CC26851371008F0835 /* XCRemoteSwiftPackageReference "Rubicon" */ = {
			isa = XCRemoteSwiftPackageReference;
			repositoryURL = "https://github.com/GalenRhodes/Rubicon";
			requirement = {
				kind = upToNextMinorVersion;
				minimumVersion = 0.2.48;
			};
		};
		836FD0DA268513C6008F0835 /* XCRemoteSwiftPackageReference "PGDocFixer" */ = {
			isa = XCRemoteSwiftPackageReference;
			repositoryURL = "https://github.com/GalenRhodes/PGDocFixer";
			requirement = {
				kind = upToNextMajorVersion;
				minimumVersion = 1.0.10;
			};
		};
/* End XCRemoteSwiftPackageReference section */

/* Begin XCSwiftPackageProductDependency section */
		836FD0C9268511FD008F0835 /* SourceKittenFramework */ = {
			isa = XCSwiftPackageProductDependency;
			package = 836FD0C8268511FD008F0835 /* XCRemoteSwiftPackageReference "SourceKitten" */;
			productName = SourceKittenFramework;
		};
		836FD0CD26851371008F0835 /* Rubicon */ = {
			isa = XCSwiftPackageProductDependency;
			package = 836FD0CC26851371008F0835 /* XCRemoteSwiftPackageReference "Rubicon" */;
			productName = Rubicon;
		};
		836FD0DB268513C6008F0835 /* PGDocFixer */ = {
			isa = XCSwiftPackageProductDependency;
			package = 836FD0DA268513C6008F0835 /* XCRemoteSwiftPackageReference "PGDocFixer" */;
			productName = PGDocFixer;
		};
/* End XCSwiftPackageProductDependency section */
	};
	rootObject = 836FD0B62685118F008F0835 /* Project object */;
}
